
Microsoft Visual Studio Solution File, Format Version 12.00
# Visual Studio Version 16
VisualStudioVersion = 16.0.29609.76
MinimumVisualStudioVersion = 10.0.40219.1
Project("{FAE04EC0-301F-11D3-BF4B-00C04F79EFBC}") = "AOJ", "AOJ.csproj", "{E6F7228E-FF28-4070-9C59-6BB59B0409CC}"
EndProject
Global
	GlobalSection(SolutionConfigurationPlatforms) = preSolution
		Debug|Any CPU = Debug|Any CPU
		Release|Any CPU = Release|Any CPU
	EndGlobalSection
	GlobalSection(ProjectConfigurationPlatforms) = postSolution
		{E6F7228E-FF28-4070-9C59-6BB59B0409CC}.Debug|Any CPU.ActiveCfg = Debug|Any CPU
		{E6F7228E-FF28-4070-9C59-6BB59B0409CC}.Debug|Any CPU.Build.0 = Debug|Any CPU
		{E6F7228E-FF28-4070-9C59-6BB59B0409CC}.Release|Any CPU.ActiveCfg = Release|Any CPU
		{E6F7228E-FF28-4070-9C59-6BB59B0409CC}.Release|Any CPU.Build.0 = Release|Any CPU
	EndGlobalSection
	GlobalSection(SolutionProperties) = preSolution
		HideSolutionNode = FALSE
	EndGlobalSection
	GlobalSection(ExtensibilityGlobals) = postSolution
		SolutionGuid = {2B12CD4B-D5B8-4E5E-B70E-67690E3830F7}
	EndGlobalSection
EndGlobal
